// !$*UTF8*$!
{
	archiveVersion = 1;
	classes = {
	};
	objectVersion = 48;
	objects = {

/* Begin PBXBuildFile section */
		DB3B6760203C8A47002E85D3 /* AppDelegate.swift in Sources */ = {isa = PBXBuildFile; fileRef = DB3B675F203C8A47002E85D3 /* AppDelegate.swift */; };
		DB3B6762203C8A47002E85D3 /* GildedRoseViewController.swift in Sources */ = {isa = PBXBuildFile; fileRef = DB3B6761203C8A47002E85D3 /* GildedRoseViewController.swift */; };
		DB3B6765203C8A47002E85D3 /* Main.storyboard in Resources */ = {isa = PBXBuildFile; fileRef = DB3B6763203C8A47002E85D3 /* Main.storyboard */; };
		DB3B6768203C8A47002E85D3 /* Gilded_Rose_Kata.xcdatamodeld in Sources */ = {isa = PBXBuildFile; fileRef = DB3B6766203C8A47002E85D3 /* Gilded_Rose_Kata.xcdatamodeld */; };
		DB3B676A203C8A47002E85D3 /* Assets.xcassets in Resources */ = {isa = PBXBuildFile; fileRef = DB3B6769203C8A47002E85D3 /* Assets.xcassets */; };
		DB3B676D203C8A47002E85D3 /* LaunchScreen.storyboard in Resources */ = {isa = PBXBuildFile; fileRef = DB3B676B203C8A47002E85D3 /* LaunchScreen.storyboard */; };
		DB3B6783203C8A7B002E85D3 /* GildedRose.swift in Sources */ = {isa = PBXBuildFile; fileRef = DB3B6782203C8A7B002E85D3 /* GildedRose.swift */; };
		DB3B6785203C8A90002E85D3 /* Item.swift in Sources */ = {isa = PBXBuildFile; fileRef = DB3B6784203C8A90002E85D3 /* Item.swift */; };
		DB3B6788203CA7B1002E85D3 /* ItemViewController.swift in Sources */ = {isa = PBXBuildFile; fileRef = DB3B6786203CA7B1002E85D3 /* ItemViewController.swift */; };
		DB3B6789203CA7B1002E85D3 /* ItemViewController.xib in Resources */ = {isa = PBXBuildFile; fileRef = DB3B6787203CA7B1002E85D3 /* ItemViewController.xib */; };
		DBED39A12048F5AC002A9C5F /* AddItemViewController.swift in Sources */ = {isa = PBXBuildFile; fileRef = DBED399F2048F5AC002A9C5F /* AddItemViewController.swift */; };
		DBED39A22048F5AC002A9C5F /* AddItemViewController.xib in Resources */ = {isa = PBXBuildFile; fileRef = DBED39A02048F5AC002A9C5F /* AddItemViewController.xib */; };
/* End PBXBuildFile section */

/* Begin PBXContainerItemProxy section */
		DB3B6774203C8A47002E85D3 /* PBXContainerItemProxy */ = {
			isa = PBXContainerItemProxy;
			containerPortal = DB3B6754203C8A47002E85D3 /* Project object */;
			proxyType = 1;
			remoteGlobalIDString = DB3B675B203C8A47002E85D3;
			remoteInfo = "Gilded Rose Kata";
		};
/* End PBXContainerItemProxy section */

/* Begin PBXFileReference section */
		DB3B675C203C8A47002E85D3 /* Gilded Rose Kata.app */ = {isa = PBXFileReference; explicitFileType = wrapper.application; includeInIndex = 0; path = "Gilded Rose Kata.app"; sourceTree = BUILT_PRODUCTS_DIR; };
		DB3B675F203C8A47002E85D3 /* AppDelegate.swift */ = {isa = PBXFileReference; lastKnownFileType = sourcecode.swift; path = AppDelegate.swift; sourceTree = "<group>"; };
		DB3B6761203C8A47002E85D3 /* GildedRoseViewController.swift */ = {isa = PBXFileReference; lastKnownFileType = sourcecode.swift; path = GildedRoseViewController.swift; sourceTree = "<group>"; };
		DB3B6764203C8A47002E85D3 /* Base */ = {isa = PBXFileReference; lastKnownFileType = file.storyboard; name = Base; path = Base.lproj/Main.storyboard; sourceTree = "<group>"; };
		DB3B6767203C8A47002E85D3 /* Gilded_Rose_Kata.xcdatamodel */ = {isa = PBXFileReference; lastKnownFileType = wrapper.xcdatamodel; path = Gilded_Rose_Kata.xcdatamodel; sourceTree = "<group>"; };
		DB3B6769203C8A47002E85D3 /* Assets.xcassets */ = {isa = PBXFileReference; lastKnownFileType = folder.assetcatalog; path = Assets.xcassets; sourceTree = "<group>"; };
		DB3B676C203C8A47002E85D3 /* Base */ = {isa = PBXFileReference; lastKnownFileType = file.storyboard; name = Base; path = Base.lproj/LaunchScreen.storyboard; sourceTree = "<group>"; };
		DB3B676E203C8A47002E85D3 /* Info.plist */ = {isa = PBXFileReference; lastKnownFileType = text.plist.xml; path = Info.plist; sourceTree = "<group>"; };
		DB3B6773203C8A47002E85D3 /* Gilded Rose KataTests.xctest */ = {isa = PBXFileReference; explicitFileType = wrapper.cfbundle; includeInIndex = 0; path = "Gilded Rose KataTests.xctest"; sourceTree = BUILT_PRODUCTS_DIR; };
		DB3B6779203C8A47002E85D3 /* Info.plist */ = {isa = PBXFileReference; lastKnownFileType = text.plist.xml; path = Info.plist; sourceTree = "<group>"; };
		DB3B6782203C8A7B002E85D3 /* GildedRose.swift */ = {isa = PBXFileReference; lastKnownFileType = sourcecode.swift; path = GildedRose.swift; sourceTree = "<group>"; };
		DB3B6784203C8A90002E85D3 /* Item.swift */ = {isa = PBXFileReference; lastKnownFileType = sourcecode.swift; path = Item.swift; sourceTree = "<group>"; };
		DB3B6786203CA7B1002E85D3 /* ItemViewController.swift */ = {isa = PBXFileReference; lastKnownFileType = sourcecode.swift; path = ItemViewController.swift; sourceTree = "<group>"; };
		DB3B6787203CA7B1002E85D3 /* ItemViewController.xib */ = {isa = PBXFileReference; lastKnownFileType = file.xib; path = ItemViewController.xib; sourceTree = "<group>"; };
		DBED399F2048F5AC002A9C5F /* AddItemViewController.swift */ = {isa = PBXFileReference; lastKnownFileType = sourcecode.swift; path = AddItemViewController.swift; sourceTree = "<group>"; };
		DBED39A02048F5AC002A9C5F /* AddItemViewController.xib */ = {isa = PBXFileReference; lastKnownFileType = file.xib; path = AddItemViewController.xib; sourceTree = "<group>"; };
/* End PBXFileReference section */

/* Begin PBXFrameworksBuildPhase section */
		DB3B6759203C8A47002E85D3 /* Frameworks */ = {
			isa = PBXFrameworksBuildPhase;
			buildActionMask = 2147483647;
			files = (
			);
			runOnlyForDeploymentPostprocessing = 0;
		};
		DB3B6770203C8A47002E85D3 /* Frameworks */ = {
			isa = PBXFrameworksBuildPhase;
			buildActionMask = 2147483647;
			files = (
			);
			runOnlyForDeploymentPostprocessing = 0;
		};
/* End PBXFrameworksBuildPhase section */

/* Begin PBXGroup section */
		DB3B6753203C8A47002E85D3 = {
			isa = PBXGroup;
			children = (
				DB3B675E203C8A47002E85D3 /* Gilded Rose Kata */,
				DB3B6776203C8A47002E85D3 /* Gilded Rose KataTests */,
				DB3B675D203C8A47002E85D3 /* Products */,
			);
			sourceTree = "<group>";
		};
		DB3B675D203C8A47002E85D3 /* Products */ = {
			isa = PBXGroup;
			children = (
				DB3B675C203C8A47002E85D3 /* Gilded Rose Kata.app */,
				DB3B6773203C8A47002E85D3 /* Gilded Rose KataTests.xctest */,
			);
			name = Products;
			sourceTree = "<group>";
		};
		DB3B675E203C8A47002E85D3 /* Gilded Rose Kata */ = {
			isa = PBXGroup;
			children = (
				DB3B675F203C8A47002E85D3 /* AppDelegate.swift */,
				DB3B6761203C8A47002E85D3 /* GildedRoseViewController.swift */,
				DBED399F2048F5AC002A9C5F /* AddItemViewController.swift */,
				DBED39A02048F5AC002A9C5F /* AddItemViewController.xib */,
				DB3B6782203C8A7B002E85D3 /* GildedRose.swift */,
				DB3B6784203C8A90002E85D3 /* Item.swift */,
				DB3B6786203CA7B1002E85D3 /* ItemViewController.swift */,
				DB3B6787203CA7B1002E85D3 /* ItemViewController.xib */,
				DB3B6763203C8A47002E85D3 /* Main.storyboard */,
				DB3B6769203C8A47002E85D3 /* Assets.xcassets */,
				DB3B676B203C8A47002E85D3 /* LaunchScreen.storyboard */,
				DB3B676E203C8A47002E85D3 /* Info.plist */,
				DB3B6766203C8A47002E85D3 /* Gilded_Rose_Kata.xcdatamodeld */,
			);
			path = "Gilded Rose Kata";
			sourceTree = "<group>";
		};
		DB3B6776203C8A47002E85D3 /* Gilded Rose KataTests */ = {
			isa = PBXGroup;
			children = (
				DB3B6779203C8A47002E85D3 /* Info.plist */,
			);
			path = "Gilded Rose KataTests";
			sourceTree = "<group>";
		};
/* End PBXGroup section */

/* Begin PBXNativeTarget section */
		DB3B675B203C8A47002E85D3 /* Gilded Rose Kata */ = {
			isa = PBXNativeTarget;
			buildConfigurationList = DB3B677C203C8A47002E85D3 /* Build configuration list for PBXNativeTarget "Gilded Rose Kata" */;
			buildPhases = (
				DB3B6758203C8A47002E85D3 /* Sources */,
				DB3B6759203C8A47002E85D3 /* Frameworks */,
				DB3B675A203C8A47002E85D3 /* Resources */,
			);
			buildRules = (
			);
			dependencies = (
			);
			name = "Gilded Rose Kata";
			productName = "Gilded Rose Kata";
			productReference = DB3B675C203C8A47002E85D3 /* Gilded Rose Kata.app */;
			productType = "com.apple.product-type.application";
		};
		DB3B6772203C8A47002E85D3 /* Gilded Rose KataTests */ = {
			isa = PBXNativeTarget;
			buildConfigurationList = DB3B677F203C8A47002E85D3 /* Build configuration list for PBXNativeTarget "Gilded Rose KataTests" */;
			buildPhases = (
				DB3B676F203C8A47002E85D3 /* Sources */,
				DB3B6770203C8A47002E85D3 /* Frameworks */,
				DB3B6771203C8A47002E85D3 /* Resources */,
			);
			buildRules = (
			);
			dependencies = (
				DB3B6775203C8A47002E85D3 /* PBXTargetDependency */,
			);
			name = "Gilded Rose KataTests";
			productName = "Gilded Rose KataTests";
			productReference = DB3B6773203C8A47002E85D3 /* Gilded Rose KataTests.xctest */;
			productType = "com.apple.product-type.bundle.unit-test";
		};
/* End PBXNativeTarget section */

/* Begin PBXProject section */
		DB3B6754203C8A47002E85D3 /* Project object */ = {
			isa = PBXProject;
			attributes = {
				LastSwiftUpdateCheck = 0920;
				LastUpgradeCheck = 0920;
				ORGANIZATIONNAME = "Blake Macnair";
				TargetAttributes = {
					DB3B675B203C8A47002E85D3 = {
						CreatedOnToolsVersion = 9.2;
						ProvisioningStyle = Automatic;
					};
					DB3B6772203C8A47002E85D3 = {
						CreatedOnToolsVersion = 9.2;
						ProvisioningStyle = Automatic;
						TestTargetID = DB3B675B203C8A47002E85D3;
					};
				};
			};
			buildConfigurationList = DB3B6757203C8A47002E85D3 /* Build configuration list for PBXProject "Gilded Rose Kata" */;
			compatibilityVersion = "Xcode 8.0";
			developmentRegion = en;
			hasScannedForEncodings = 0;
			knownRegions = (
				en,
				Base,
			);
			mainGroup = DB3B6753203C8A47002E85D3;
			productRefGroup = DB3B675D203C8A47002E85D3 /* Products */;
			projectDirPath = "";
			projectRoot = "";
			targets = (
				DB3B675B203C8A47002E85D3 /* Gilded Rose Kata */,
				DB3B6772203C8A47002E85D3 /* Gilded Rose KataTests */,
			);
		};
/* End PBXProject section */

/* Begin PBXResourcesBuildPhase section */
		DB3B675A203C8A47002E85D3 /* Resources */ = {
			isa = PBXResourcesBuildPhase;
			buildActionMask = 2147483647;
			files = (
				DB3B676D203C8A47002E85D3 /* LaunchScreen.storyboard in Resources */,
				DB3B6789203CA7B1002E85D3 /* ItemViewController.xib in Resources */,
				DBED39A22048F5AC002A9C5F /* AddItemViewController.xib in Resources */,
				DB3B676A203C8A47002E85D3 /* Assets.xcassets in Resources */,
				DB3B6765203C8A47002E85D3 /* Main.storyboard in Resources */,
			);
			runOnlyForDeploymentPostprocessing = 0;
		};
		DB3B6771203C8A47002E85D3 /* Resources */ = {
			isa = PBXResourcesBuildPhase;
			buildActionMask = 2147483647;
			files = (
			);
			runOnlyForDeploymentPostprocessing = 0;
		};
/* End PBXResourcesBuildPhase section */

/* Begin PBXSourcesBuildPhase section */
		DB3B6758203C8A47002E85D3 /* Sources */ = {
			isa = PBXSourcesBuildPhase;
			buildActionMask = 2147483647;
			files = (
				DB3B6785203C8A90002E85D3 /* Item.swift in Sources */,
				DB3B6762203C8A47002E85D3 /* GildedRoseViewController.swift in Sources */,
				DB3B6783203C8A7B002E85D3 /* GildedRose.swift in Sources */,
				DB3B6760203C8A47002E85D3 /* AppDelegate.swift in Sources */,
				DBED39A12048F5AC002A9C5F /* AddItemViewController.swift in Sources */,
				DB3B6768203C8A47002E85D3 /* Gilded_Rose_Kata.xcdatamodeld in Sources */,
				DB3B6788203CA7B1002E85D3 /* ItemViewController.swift in Sources */,
			);
			runOnlyForDeploymentPostprocessing = 0;
		};
		DB3B676F203C8A47002E85D3 /* Sources */ = {
			isa = PBXSourcesBuildPhase;
			buildActionMask = 2147483647;
			files = (
			);
			runOnlyForDeploymentPostprocessing = 0;
		};
/* End PBXSourcesBuildPhase section */

/* Begin PBXTargetDependency section */
		DB3B6775203C8A47002E85D3 /* PBXTargetDependency */ = {
			isa = PBXTargetDependency;
			target = DB3B675B203C8A47002E85D3 /* Gilded Rose Kata */;
			targetProxy = DB3B6774203C8A47002E85D3 /* PBXContainerItemProxy */;
		};
/* End PBXTargetDependency section */

/* Begin PBXVariantGroup section */
		DB3B6763203C8A47002E85D3 /* Main.storyboard */ = {
			isa = PBXVariantGroup;
			children = (
				DB3B6764203C8A47002E85D3 /* Base */,
			);
			name = Main.storyboard;
			sourceTree = "<group>";
		};
		DB3B676B203C8A47002E85D3 /* LaunchScreen.storyboard */ = {
			isa = PBXVariantGroup;
			children = (
				DB3B676C203C8A47002E85D3 /* Base */,
			);
			name = LaunchScreen.storyboard;
			sourceTree = "<group>";
		};
/* End PBXVariantGroup section */

/* Begin XCBuildConfiguration section */
		DB3B677A203C8A47002E85D3 /* Debug */ = {
			isa = XCBuildConfiguration;
			buildSettings = {
				ALWAYS_SEARCH_USER_PATHS = NO;
				CLANG_ANALYZER_NONNULL = YES;
				CLANG_ANALYZER_NUMBER_OBJECT_CONVERSION = YES_AGGRESSIVE;
				CLANG_CXX_LANGUAGE_STANDARD = "gnu++14";
				CLANG_CXX_LIBRARY = "libc++";
				CLANG_ENABLE_MODULES = YES;
				CLANG_ENABLE_OBJC_ARC = YES;
				CLANG_WARN_BLOCK_CAPTURE_AUTORELEASING = YES;
				CLANG_WARN_BOOL_CONVERSION = YES;
				CLANG_WARN_COMMA = YES;
				CLANG_WARN_CONSTANT_CONVERSION = YES;
				CLANG_WARN_DIRECT_OBJC_ISA_USAGE = YES_ERROR;
				CLANG_WARN_DOCUMENTATION_COMMENTS = YES;
				CLANG_WARN_EMPTY_BODY = YES;
				CLANG_WARN_ENUM_CONVERSION = YES;
				CLANG_WARN_INFINITE_RECURSION = YES;
				CLANG_WARN_INT_CONVERSION = YES;
				CLANG_WARN_NON_LITERAL_NULL_CONVERSION = YES;
				CLANG_WARN_OBJC_LITERAL_CONVERSION = YES;
				CLANG_WARN_OBJC_ROOT_CLASS = YES_ERROR;
				CLANG_WARN_RANGE_LOOP_ANALYSIS = YES;
				CLANG_WARN_STRICT_PROTOTYPES = YES;
				CLANG_WARN_SUSPICIOUS_MOVE = YES;
				CLANG_WARN_UNGUARDED_AVAILABILITY = YES_AGGRESSIVE;
				CLANG_WARN_UNREACHABLE_CODE = YES;
				CLANG_WARN__DUPLICATE_METHOD_MATCH = YES;
				CODE_SIGN_IDENTITY = "iPhone Developer";
				COPY_PHASE_STRIP = NO;
				DEBUG_INFORMATION_FORMAT = dwarf;
				ENABLE_STRICT_OBJC_MSGSEND = YES;
				ENABLE_TESTABILITY = YES;
				GCC_C_LANGUAGE_STANDARD = gnu11;
				GCC_DYNAMIC_NO_PIC = NO;
				GCC_NO_COMMON_BLOCKS = YES;
				GCC_OPTIMIZATION_LEVEL = 0;
				GCC_PREPROCESSOR_DEFINITIONS = (
					"DEBUG=1",
					"$(inherited)",
				);
				GCC_WARN_64_TO_32_BIT_CONVERSION = YES;
				GCC_WARN_ABOUT_RETURN_TYPE = YES_ERROR;
				GCC_WARN_UNDECLARED_SELECTOR = YES;
				GCC_WARN_UNINITIALIZED_AUTOS = YES_AGGRESSIVE;
				GCC_WARN_UNUSED_FUNCTION = YES;
				GCC_WARN_UNUSED_VARIABLE = YES;
				IPHONEOS_DEPLOYMENT_TARGET = 11.2;
				MTL_ENABLE_DEBUG_INFO = YES;
				ONLY_ACTIVE_ARCH = YES;
				SDKROOT = iphoneos;
				SWIFT_ACTIVE_COMPILATION_CONDITIONS = DEBUG;
				SWIFT_OPTIMIZATION_LEVEL = "-Onone";
			};
			name = Debug;
		};
		DB3B677B203C8A47002E85D3 /* Release */ = {
			isa = XCBuildConfiguration;
			buildSettings = {
				ALWAYS_SEARCH_USER_PATHS = NO;
				CLANG_ANALYZER_NONNULL = YES;
				CLANG_ANALYZER_NUMBER_OBJECT_CONVERSION = YES_AGGRESSIVE;
				CLANG_CXX_LANGUAGE_STANDARD = "gnu++14";
				CLANG_CXX_LIBRARY = "libc++";
				CLANG_ENABLE_MODULES = YES;
				CLANG_ENABLE_OBJC_ARC = YES;
				CLANG_WARN_BLOCK_CAPTURE_AUTORELEASING = YES;
				CLANG_WARN_BOOL_CONVERSION = YES;
				CLANG_WARN_COMMA = YES;
				CLANG_WARN_CONSTANT_CONVERSION = YES;
				CLANG_WARN_DIRECT_OBJC_ISA_USAGE = YES_ERROR;
				CLANG_WARN_DOCUMENTATION_COMMENTS = YES;
				CLANG_WARN_EMPTY_BODY = YES;
				CLANG_WARN_ENUM_CONVERSION = YES;
				CLANG_WARN_INFINITE_RECURSION = YES;
				CLANG_WARN_INT_CONVERSION = YES;
				CLANG_WARN_NON_LITERAL_NULL_CONVERSION = YES;
				CLANG_WARN_OBJC_LITERAL_CONVERSION = YES;
				CLANG_WARN_OBJC_ROOT_CLASS = YES_ERROR;
				CLANG_WARN_RANGE_LOOP_ANALYSIS = YES;
				CLANG_WARN_STRICT_PROTOTYPES = YES;
				CLANG_WARN_SUSPICIOUS_MOVE = YES;
				CLANG_WARN_UNGUARDED_AVAILABILITY = YES_AGGRESSIVE;
				CLANG_WARN_UNREACHABLE_CODE = YES;
				CLANG_WARN__DUPLICATE_METHOD_MATCH = YES;
				CODE_SIGN_IDENTITY = "iPhone Developer";
				COPY_PHASE_STRIP = NO;
				DEBUG_INFORMATION_FORMAT = "dwarf-with-dsym";
				ENABLE_NS_ASSERTIONS = NO;
				ENABLE_STRICT_OBJC_MSGSEND = YES;
				GCC_C_LANGUAGE_STANDARD = gnu11;
				GCC_NO_COMMON_BLOCKS = YES;
				GCC_WARN_64_TO_32_BIT_CONVERSION = YES;
				GCC_WARN_ABOUT_RETURN_TYPE = YES_ERROR;
				GCC_WARN_UNDECLARED_SELECTOR = YES;
				GCC_WARN_UNINITIALIZED_AUTOS = YES_AGGRESSIVE;
				GCC_WARN_UNUSED_FUNCTION = YES;
				GCC_WARN_UNUSED_VARIABLE = YES;
				IPHONEOS_DEPLOYMENT_TARGET = 11.2;
				MTL_ENABLE_DEBUG_INFO = NO;
				SDKROOT = iphoneos;
				SWIFT_OPTIMIZATION_LEVEL = "-Owholemodule";
				VALIDATE_PRODUCT = YES;
			};
			name = Release;
		};
		DB3B677D203C8A47002E85D3 /* Debug */ = {
			isa = XCBuildConfiguration;
			buildSettings = {
				ASSETCATALOG_COMPILER_APPICON_NAME = AppIcon;
				CODE_SIGN_STYLE = Automatic;
				DEVELOPMENT_TEAM = PCSX5KABFK;
				INFOPLIST_FILE = "Gilded Rose Kata/Info.plist";
				LD_RUNPATH_SEARCH_PATHS = "$(inherited) @executable_path/Frameworks";
				PRODUCT_BUNDLE_IDENTIFIER = "macnair.Gilded-Rose-Kata";
				PRODUCT_NAME = "$(TARGET_NAME)";
				SWIFT_VERSION = 4.0;
				TARGETED_DEVICE_FAMILY = "1,2";
			};
			name = Debug;
		};
		DB3B677E203C8A47002E85D3 /* Release */ = {
			isa = XCBuildConfiguration;
			buildSettings = {
				ASSETCATALOG_COMPILER_APPICON_NAME = AppIcon;
				CODE_SIGN_STYLE = Automatic;
				DEVELOPMENT_TEAM = PCSX5KABFK;
				INFOPLIST_FILE = "Gilded Rose Kata/Info.plist";
				LD_RUNPATH_SEARCH_PATHS = "$(inherited) @executable_path/Frameworks";
				PRODUCT_BUNDLE_IDENTIFIER = "macnair.Gilded-Rose-Kata";
				PRODUCT_NAME = "$(TARGET_NAME)";
				SWIFT_VERSION = 4.0;
				TARGETED_DEVICE_FAMILY = "1,2";
			};
			name = Release;
		};
		DB3B6780203C8A47002E85D3 /* Debug */ = {
			isa = XCBuildConfiguration;
			buildSettings = {
				ALWAYS_EMBED_SWIFT_STANDARD_LIBRARIES = YES;
				BUNDLE_LOADER = "$(TEST_HOST)";
				CODE_SIGN_STYLE = Automatic;
				DEVELOPMENT_TEAM = PCSX5KABFK;
				INFOPLIST_FILE = "Gilded Rose KataTests/Info.plist";
				LD_RUNPATH_SEARCH_PATHS = "$(inherited) @executable_path/Frameworks @loader_path/Frameworks";
				PRODUCT_BUNDLE_IDENTIFIER = "macnair.Gilded-Rose-KataTests";
				PRODUCT_NAME = "$(TARGET_NAME)";
				SWIFT_VERSION = 4.0;
				TARGETED_DEVICE_FAMILY = "1,2";
				TEST_HOST = "$(BUILT_PRODUCTS_DIR)/Gilded Rose Kata.app/Gilded Rose Kata";
			};
			name = Debug;
		};
		DB3B6781203C8A47002E85D3 /* Release */ = {
			isa = XCBuildConfiguration;
			buildSettings = {
				ALWAYS_EMBED_SWIFT_STANDARD_LIBRARIES = YES;
				BUNDLE_LOADER = "$(TEST_HOST)";
				CODE_SIGN_STYLE = Automatic;
				DEVELOPMENT_TEAM = PCSX5KABFK;
				INFOPLIST_FILE = "Gilded Rose KataTests/Info.plist";
				LD_RUNPATH_SEARCH_PATHS = "$(inherited) @executable_path/Frameworks @loader_path/Frameworks";
				PRODUCT_BUNDLE_IDENTIFIER = "macnair.Gilded-Rose-KataTests";
				PRODUCT_NAME = "$(TARGET_NAME)";
				SWIFT_VERSION = 4.0;
				TARGETED_DEVICE_FAMILY = "1,2";
				TEST_HOST = "$(BUILT_PRODUCTS_DIR)/Gilded Rose Kata.app/Gilded Rose Kata";
			};
			name = Release;
		};
/* End XCBuildConfiguration section */

/* Begin XCConfigurationList section */
		DB3B6757203C8A47002E85D3 /* Build configuration list for PBXProject "Gilded Rose Kata" */ = {
			isa = XCConfigurationList;
			buildConfigurations = (
				DB3B677A203C8A47002E85D3 /* Debug */,
				DB3B677B203C8A47002E85D3 /* Release */,
			);
			defaultConfigurationIsVisible = 0;
			defaultConfigurationName = Release;
		};
		DB3B677C203C8A47002E85D3 /* Build configuration list for PBXNativeTarget "Gilded Rose Kata" */ = {
			isa = XCConfigurationList;
			buildConfigurations = (
				DB3B677D203C8A47002E85D3 /* Debug */,
				DB3B677E203C8A47002E85D3 /* Release */,
			);
			defaultConfigurationIsVisible = 0;
			defaultConfigurationName = Release;
		};
		DB3B677F203C8A47002E85D3 /* Build configuration list for PBXNativeTarget "Gilded Rose KataTests" */ = {
			isa = XCConfigurationList;
			buildConfigurations = (
				DB3B6780203C8A47002E85D3 /* Debug */,
				DB3B6781203C8A47002E85D3 /* Release */,
			);
			defaultConfigurationIsVisible = 0;
			defaultConfigurationName = Release;
		};
/* End XCConfigurationList section */

/* Begin XCVersionGroup section */
		DB3B6766203C8A47002E85D3 /* Gilded_Rose_Kata.xcdatamodeld */ = {
			isa = XCVersionGroup;
			children = (
				DB3B6767203C8A47002E85D3 /* Gilded_Rose_Kata.xcdatamodel */,
			);
			currentVersion = DB3B6767203C8A47002E85D3 /* Gilded_Rose_Kata.xcdatamodel */;
			path = Gilded_Rose_Kata.xcdatamodeld;
			sourceTree = "<group>";
			versionGroupType = wrapper.xcdatamodel;
		};
/* End XCVersionGroup section */
	};
	rootObject = DB3B6754203C8A47002E85D3 /* Project object */;
}
